{
  "version": 1,
  "dependencies": {
    ".NETFramework,Version=v4.8": {
      "Microsoft.Data.Sqlite": {
        "type": "Direct",
        "requested": "[7.0.20, )",
        "resolved": "7.0.20",
        "contentHash": "IIjX4K1EjTg73Ed/ZsjHWyAtcRAGoS42eiHa30HIbTYO62dGgq+yWRpkxZbTSvEjUlUvUmWORxrEmKloRianUw==",
        "dependencies": {
          "Microsoft.Data.Sqlite.Core": "7.0.20",
          "SQLitePCLRaw.bundle_e_sqlite3": "2.1.4"
        }
      },
      "Microsoft.SourceLink.GitHub": {
        "type": "Direct",
        "requested": "[8.0.0, )",
        "resolved": "8.0.0",
        "contentHash": "G5q7OqtwIyGTkeIOAc3u2ZuV/kicQaec5EaRnc0pIeSnh9LUjj+PYQrJYBURvDt7twGl2PKA7nSN0kz1Zw5bnQ==",
        "dependencies": {
          "Microsoft.Build.Tasks.Git": "8.0.0",
          "Microsoft.SourceLink.Common": "8.0.0"
        }
      },
      "Newtonsoft.Json": {
        "type": "Direct",
        "requested": "[13.0.3, )",
        "resolved": "13.0.3",
        "contentHash": "HrC5BXdl00IP9zeV+0Z848QWPAoCr9P3bDEZguI+gkLcBKAOxix/tLEAAHC+UvDNPv4a2d18lOReHMOagPa+zQ=="
      },
      "SQLitePCLRaw.bundle_e_sqlite3": {
        "type": "Direct",
        "requested": "[2.1.8, )",
        "resolved": "2.1.8",
        "contentHash": "zIk4j5WLCj9E/8FV3Zy31ca/5klVKoeiT3bZoY8bOlNpDt/CE1+EUxmeoZ5IW09T2OXG3AwKICcqCaS6aHEPWw==",
        "dependencies": {
          "SQLitePCLRaw.lib.e_sqlite3": "2.1.8",
          "SQLitePCLRaw.provider.dynamic_cdecl": "2.1.8"
        }
      },
      "Ardalis.GuardClauses": {
        "type": "Transitive",
        "resolved": "5.0.0",
        "contentHash": "jVPRvLw0xIUFto2cMrKgRYADWIHbEEfzZHGiU/swwNgl1zo28Q1zfSa3VUC3C0s9DyhFDPSaF4dEDQRyTZUcyQ=="
      },
      "Microsoft.Build.Tasks.Git": {
        "type": "Transitive",
        "resolved": "8.0.0",
        "contentHash": "bZKfSIKJRXLTuSzLudMFte/8CempWjVamNUR5eHJizsy+iuOuO/k2gnh7W0dHJmYY0tBf+gUErfluCv5mySAOQ=="
      },
      "Microsoft.Data.Sqlite.Core": {
        "type": "Transitive",
        "resolved": "7.0.20",
        "contentHash": "B8/42FqMMRq3mf5qnJOF7XhB/UEcHcwdmuI6D025uTRcPM0R1DbMw+6C77Op1f/qKAHsDHmdTID5CZLpYBvmlw==",
        "dependencies": {
          "SQLitePCLRaw.core": "2.1.4"
        }
      },
      "Microsoft.SourceLink.Common": {
        "type": "Transitive",
        "resolved": "8.0.0",
        "contentHash": "dk9JPxTCIevS75HyEQ0E4OVAFhB2N+V9ShCXf8Q6FkUQZDkgLI12y679Nym1YqsiSysuQskT7Z+6nUf3yab6Vw=="
      },
      "SQLitePCLRaw.core": {
        "type": "Transitive",
        "resolved": "2.1.8",
        "contentHash": "jre/gajSA2Bz3kzYD8DxMpJehAtxY5/V2UE/OR0v48zY122hJOXBvGumV+/zEMg1l0lEVFJfJCpkJGQp7GBwRw==",
        "dependencies": {
          "System.Memory": "4.5.3"
        }
      },
      "SQLitePCLRaw.lib.e_sqlite3": {
        "type": "Transitive",
        "resolved": "2.1.8",
        "contentHash": "YQnIGZiMskhTogTiZfNe8Y1SK3Tke0JKnLHyPMQjDCa0I/MNsDoEE2fb4g/MZ1MKAn/A66wNxcLvwAC2dr6XPQ=="
      },
      "SQLitePCLRaw.provider.dynamic_cdecl": {
        "type": "Transitive",
        "resolved": "2.1.8",
        "contentHash": "DscdpnZe8KUHBIFOCbJf5p1+CaCfhLZHKwVtZXrGI+wR5Kbg+jLjBJG+9ZB4S2KGdYAwrKYWC/riDUgEqCPCAA==",
        "dependencies": {
          "SQLitePCLRaw.core": "2.1.8"
        }
      },
      "System.Buffers": {
        "type": "Transitive",
        "resolved": "4.4.0",
        "contentHash": "AwarXzzoDwX6BgrhjoJsk6tUezZEozOT5Y9QKF94Gl4JK91I4PIIBkBco9068Y9/Dra8Dkbie99kXB8+1BaYKw=="
      },
      "System.Memory": {
        "type": "Transitive",
        "resolved": "4.5.3",
        "contentHash": "3oDzvc/zzetpTKWMShs1AADwZjQ/36HnsufHRPcOjyRAAMLDlu2iD33MBI2opxnezcVUtXyqDXXjoFMOU9c7SA==",
        "dependencies": {
          "System.Buffers": "4.4.0",
          "System.Numerics.Vectors": "4.4.0",
          "System.Runtime.CompilerServices.Unsafe": "4.5.2"
        }
      },
      "System.Numerics.Vectors": {
        "type": "Transitive",
        "resolved": "4.4.0",
        "contentHash": "UiLzLW+Lw6HLed1Hcg+8jSRttrbuXv7DANVj0DkL9g6EnnzbL75EB7EWsw5uRbhxd/4YdG8li5XizGWepmG3PQ=="
      },
      "System.Runtime.CompilerServices.Unsafe": {
        "type": "Transitive",
        "resolved": "4.5.2",
        "contentHash": "wprSFgext8cwqymChhrBLu62LMg/1u92bU+VOwyfBimSPVFXtsNqEWC92Pf9ofzJFlk4IHmJA75EDJn1b2goAQ=="
      },
      "progesicore": {
        "type": "Project",
        "dependencies": {
          "Ardalis.GuardClauses": "[5.0.0, )",
          "Newtonsoft.Json": "[13.0.3, )"
        }
      }
    }
  }
}