
Microsoft Visual Studio Solution File, Format Version 12.00
# Visual Studio Version 17
VisualStudioVersion = 17.0.31912.275
MinimumVisualStudioVersion = 10.0.40219.1
Project("{FAE04EC0-301F-11D3-BF4B-00C04F79EFBC}") = "ProgesiGrasshopperAssembly", "src\ProgesiGrasshopperAssembly\ProgesiGrasshopperAssembly.csproj", "{554C2D2E-0573-4748-8946-E2305ADB51C3}"
EndProject
Project("{FAE04EC0-301F-11D3-BF4B-00C04F79EFBC}") = "ProgesiRepositories.Sqlite", "src\ProgesiRepositories.Sqlite\ProgesiRepositories.Sqlite.csproj", "{BE0554AF-70A2-4CAE-A3E8-8DDB7C7E842D}"
EndProject
Project("{FAE04EC0-301F-11D3-BF4B-00C04F79EFBC}") = "ProgesiRepositories.Rhino", "src\ProgesiRepositories.Rhino\ProgesiRepositories.Rhino.csproj", "{AE17F6A5-54FA-4096-9CF1-1DC112984413}"
EndProject
Project("{FAE04EC0-301F-11D3-BF4B-00C04F79EFBC}") = "ProgesiCore", "src\ProgesiCore\ProgesiCore.csproj", "{7CE28F9D-D3FC-4F25-A868-16D4EE0DD7DC}"
EndProject
Project("{FAE04EC0-301F-11D3-BF4B-00C04F79EFBC}") = "ProgesiRepositories.InMemory", "src\ProgesiRepositories.InMemory\ProgesiRepositories.InMemory.csproj", "{A20D55BF-3CF6-46BC-A8DA-969D225C6FED}"
EndProject
Project("{FAE04EC0-301F-11D3-BF4B-00C04F79EFBC}") = "ProgesiCore.Tests", "tests\ProgesiCore.Tests\ProgesiCore.Tests.csproj", "{471B80AB-F421-4F3E-9736-B26735F2409E}"
EndProject
Project("{FAE04EC0-301F-11D3-BF4B-00C04F79EFBC}") = "ProgesiRepositories.Sqlite.Tests", "tests\ProgesiRepositories.Sqlite.Tests\ProgesiRepositories.Sqlite.Tests.csproj", "{2F3BCA8E-24AC-41CF-8EC2-02B66BF20E67}"
EndProject
Project("{2150E333-8FDC-42A3-9474-1A3956D46DE8}") = "tools", "tools", "{07C2787E-EAC7-C090-1BA3-A61EC2A24D84}"
EndProject
Project("{FAE04EC0-301F-11D3-BF4B-00C04F79EFBC}") = "ProgesiDbMaint", "tools\ProgesiDbMaint\ProgesiDbMaint.csproj", "{B79C1976-E4EC-4AAD-B77D-8CE2F5F7A673}"
EndProject
Project("{FAE04EC0-301F-11D3-BF4B-00C04F79EFBC}") = "ProgesiDomainServices", "src\ProgesiDomainServices\ProgesiDomainServices.csproj", "{4644DDD0-1C4B-42AA-9DF6-AFC072D82D78}"
EndProject
Project("{FAE04EC0-301F-11D3-BF4B-00C04F79EFBC}") = "ProgesiGrasshopperBrowsers", "src\ProgesiGrasshopperBrowsers\ProgesiGrasshopperBrowsers.csproj", "{B7D9153D-A92F-A2BD-BF03-7E9A16A2C4FB}"
EndProject
Project("{FAE04EC0-301F-11D3-BF4B-00C04F79EFBC}") = "ProgesiDataExchange", "src\ProgesiDataExchange\ProgesiDataExchange.csproj", "{46E9507A-3349-42F5-909E-E53E10FD0576}"
EndProject
Project("{FAE04EC0-301F-11D3-BF4B-00C04F79EFBC}") = "Progesi.Data.EF", "src\Progesi.Data.EF\Progesi.Data.EF.csproj", "{18B20575-B72E-43EE-8279-B91763A70E91}"
EndProject
Project("{2150E333-8FDC-42A3-9474-1A3956D46DE8}") = "src", "src", "{827E0CD3-B72D-47B6-A68D-7590B98EB39B}"
EndProject
Project("{FAE04EC0-301F-11D3-BF4B-00C04F79EFBC}") = "Progesi.EF.Tool", "src\Progesi.EF.Tool\Progesi.EF.Tool.csproj", "{91AB0E1A-4CD4-4241-89B6-AE08AC1CBD9B}"
EndProject
Project("{2150E333-8FDC-42A3-9474-1A3956D46DE8}") = "tests", "tests", "{0AB3BF05-4346-4AA6-1389-037BE0695223}"
EndProject
Project("{FAE04EC0-301F-11D3-BF4B-00C04F79EFBC}") = "ProgesiDataExchange.Tests", "tests\ProgesiDataExchange.Tests\ProgesiDataExchange.Tests.csproj", "{6F442F5F-93C3-4F8C-BE2B-790D74A40AB1}"
EndProject
Project("{FAE04EC0-301F-11D3-BF4B-00C04F79EFBC}") = "Progesi.Repositories.Conformance.Tests", "tests\Progesi.Repositories.Conformance.Tests\Progesi.Repositories.Conformance.Tests.csproj", "{D63373CE-3B8F-4173-90D0-A30B57E71CBD}"
EndProject
Project("{FAE04EC0-301F-11D3-BF4B-00C04F79EFBC}") = "Progesi.Infrastructure.EF", "src\Progesi.Infrastructure.EF\Progesi.Infrastructure.EF.csproj", "{7941D544-4004-4116-9E07-707CAFC8C724}"
EndProject
Project("{FAE04EC0-301F-11D3-BF4B-00C04F79EFBC}") = "Progesi.Infrastructure.EF.Tests", "tests\Progesi.Infrastructure.EF.Tests\Progesi.Infrastructure.EF.Tests.csproj", "{DC1699CA-C817-4FFD-BEE6-83D54FEBF43D}"
EndProject
Global
	GlobalSection(SolutionConfigurationPlatforms) = preSolution
		Debug|Any CPU = Debug|Any CPU
		Debug|x64 = Debug|x64
		Debug|x86 = Debug|x86
		Release|Any CPU = Release|Any CPU
		Release|x64 = Release|x64
		Release|x86 = Release|x86
	EndGlobalSection
	GlobalSection(ProjectConfigurationPlatforms) = postSolution
		{554C2D2E-0573-4748-8946-E2305ADB51C3}.Debug|Any CPU.ActiveCfg = Debug|Any CPU
		{554C2D2E-0573-4748-8946-E2305ADB51C3}.Debug|Any CPU.Build.0 = Debug|Any CPU
		{554C2D2E-0573-4748-8946-E2305ADB51C3}.Debug|x64.ActiveCfg = Debug|Any CPU
		{554C2D2E-0573-4748-8946-E2305ADB51C3}.Debug|x64.Build.0 = Debug|Any CPU
		{554C2D2E-0573-4748-8946-E2305ADB51C3}.Debug|x86.ActiveCfg = Debug|Any CPU
		{554C2D2E-0573-4748-8946-E2305ADB51C3}.Debug|x86.Build.0 = Debug|Any CPU
		{554C2D2E-0573-4748-8946-E2305ADB51C3}.Release|Any CPU.ActiveCfg = Release|Any CPU
		{554C2D2E-0573-4748-8946-E2305ADB51C3}.Release|Any CPU.Build.0 = Release|Any CPU
		{554C2D2E-0573-4748-8946-E2305ADB51C3}.Release|x64.ActiveCfg = Release|Any CPU
		{554C2D2E-0573-4748-8946-E2305ADB51C3}.Release|x64.Build.0 = Release|Any CPU
		{554C2D2E-0573-4748-8946-E2305ADB51C3}.Release|x86.ActiveCfg = Release|Any CPU
		{554C2D2E-0573-4748-8946-E2305ADB51C3}.Release|x86.Build.0 = Release|Any CPU
		{BE0554AF-70A2-4CAE-A3E8-8DDB7C7E842D}.Debug|Any CPU.ActiveCfg = Debug|Any CPU
		{BE0554AF-70A2-4CAE-A3E8-8DDB7C7E842D}.Debug|Any CPU.Build.0 = Debug|Any CPU
		{BE0554AF-70A2-4CAE-A3E8-8DDB7C7E842D}.Debug|x64.ActiveCfg = Debug|Any CPU
		{BE0554AF-70A2-4CAE-A3E8-8DDB7C7E842D}.Debug|x64.Build.0 = Debug|Any CPU
		{BE0554AF-70A2-4CAE-A3E8-8DDB7C7E842D}.Debug|x86.ActiveCfg = Debug|Any CPU
		{BE0554AF-70A2-4CAE-A3E8-8DDB7C7E842D}.Debug|x86.Build.0 = Debug|Any CPU
		{BE0554AF-70A2-4CAE-A3E8-8DDB7C7E842D}.Release|Any CPU.ActiveCfg = Release|Any CPU
		{BE0554AF-70A2-4CAE-A3E8-8DDB7C7E842D}.Release|Any CPU.Build.0 = Release|Any CPU
		{BE0554AF-70A2-4CAE-A3E8-8DDB7C7E842D}.Release|x64.ActiveCfg = Release|Any CPU
		{BE0554AF-70A2-4CAE-A3E8-8DDB7C7E842D}.Release|x64.Build.0 = Release|Any CPU
		{BE0554AF-70A2-4CAE-A3E8-8DDB7C7E842D}.Release|x86.ActiveCfg = Release|Any CPU
		{BE0554AF-70A2-4CAE-A3E8-8DDB7C7E842D}.Release|x86.Build.0 = Release|Any CPU
		{AE17F6A5-54FA-4096-9CF1-1DC112984413}.Debug|Any CPU.ActiveCfg = Debug|Any CPU
		{AE17F6A5-54FA-4096-9CF1-1DC112984413}.Debug|Any CPU.Build.0 = Debug|Any CPU
		{AE17F6A5-54FA-4096-9CF1-1DC112984413}.Debug|x64.ActiveCfg = Debug|Any CPU
		{AE17F6A5-54FA-4096-9CF1-1DC112984413}.Debug|x64.Build.0 = Debug|Any CPU
		{AE17F6A5-54FA-4096-9CF1-1DC112984413}.Debug|x86.ActiveCfg = Debug|Any CPU
		{AE17F6A5-54FA-4096-9CF1-1DC112984413}.Debug|x86.Build.0 = Debug|Any CPU
		{AE17F6A5-54FA-4096-9CF1-1DC112984413}.Release|Any CPU.ActiveCfg = Release|Any CPU
		{AE17F6A5-54FA-4096-9CF1-1DC112984413}.Release|Any CPU.Build.0 = Release|Any CPU
		{AE17F6A5-54FA-4096-9CF1-1DC112984413}.Release|x64.ActiveCfg = Release|Any CPU
		{AE17F6A5-54FA-4096-9CF1-1DC112984413}.Release|x64.Build.0 = Release|Any CPU
		{AE17F6A5-54FA-4096-9CF1-1DC112984413}.Release|x86.ActiveCfg = Release|Any CPU
		{AE17F6A5-54FA-4096-9CF1-1DC112984413}.Release|x86.Build.0 = Release|Any CPU
		{7CE28F9D-D3FC-4F25-A868-16D4EE0DD7DC}.Debug|Any CPU.ActiveCfg = Debug|Any CPU
		{7CE28F9D-D3FC-4F25-A868-16D4EE0DD7DC}.Debug|Any CPU.Build.0 = Debug|Any CPU
		{7CE28F9D-D3FC-4F25-A868-16D4EE0DD7DC}.Debug|x64.ActiveCfg = Debug|Any CPU
		{7CE28F9D-D3FC-4F25-A868-16D4EE0DD7DC}.Debug|x64.Build.0 = Debug|Any CPU
		{7CE28F9D-D3FC-4F25-A868-16D4EE0DD7DC}.Debug|x86.ActiveCfg = Debug|Any CPU
		{7CE28F9D-D3FC-4F25-A868-16D4EE0DD7DC}.Debug|x86.Build.0 = Debug|Any CPU
		{7CE28F9D-D3FC-4F25-A868-16D4EE0DD7DC}.Release|Any CPU.ActiveCfg = Release|Any CPU
		{7CE28F9D-D3FC-4F25-A868-16D4EE0DD7DC}.Release|Any CPU.Build.0 = Release|Any CPU
		{7CE28F9D-D3FC-4F25-A868-16D4EE0DD7DC}.Release|x64.ActiveCfg = Release|Any CPU
		{7CE28F9D-D3FC-4F25-A868-16D4EE0DD7DC}.Release|x64.Build.0 = Release|Any CPU
		{7CE28F9D-D3FC-4F25-A868-16D4EE0DD7DC}.Release|x86.ActiveCfg = Release|Any CPU
		{7CE28F9D-D3FC-4F25-A868-16D4EE0DD7DC}.Release|x86.Build.0 = Release|Any CPU
		{A20D55BF-3CF6-46BC-A8DA-969D225C6FED}.Debug|Any CPU.ActiveCfg = Debug|Any CPU
		{A20D55BF-3CF6-46BC-A8DA-969D225C6FED}.Debug|Any CPU.Build.0 = Debug|Any CPU
		{A20D55BF-3CF6-46BC-A8DA-969D225C6FED}.Debug|x64.ActiveCfg = Debug|Any CPU
		{A20D55BF-3CF6-46BC-A8DA-969D225C6FED}.Debug|x64.Build.0 = Debug|Any CPU
		{A20D55BF-3CF6-46BC-A8DA-969D225C6FED}.Debug|x86.ActiveCfg = Debug|Any CPU
		{A20D55BF-3CF6-46BC-A8DA-969D225C6FED}.Debug|x86.Build.0 = Debug|Any CPU
		{A20D55BF-3CF6-46BC-A8DA-969D225C6FED}.Release|Any CPU.ActiveCfg = Release|Any CPU
		{A20D55BF-3CF6-46BC-A8DA-969D225C6FED}.Release|Any CPU.Build.0 = Release|Any CPU
		{A20D55BF-3CF6-46BC-A8DA-969D225C6FED}.Release|x64.ActiveCfg = Release|Any CPU
		{A20D55BF-3CF6-46BC-A8DA-969D225C6FED}.Release|x64.Build.0 = Release|Any CPU
		{A20D55BF-3CF6-46BC-A8DA-969D225C6FED}.Release|x86.ActiveCfg = Release|Any CPU
		{A20D55BF-3CF6-46BC-A8DA-969D225C6FED}.Release|x86.Build.0 = Release|Any CPU
		{471B80AB-F421-4F3E-9736-B26735F2409E}.Debug|Any CPU.ActiveCfg = Debug|Any CPU
		{471B80AB-F421-4F3E-9736-B26735F2409E}.Debug|Any CPU.Build.0 = Debug|Any CPU
		{471B80AB-F421-4F3E-9736-B26735F2409E}.Debug|x64.ActiveCfg = Debug|Any CPU
		{471B80AB-F421-4F3E-9736-B26735F2409E}.Debug|x64.Build.0 = Debug|Any CPU
		{471B80AB-F421-4F3E-9736-B26735F2409E}.Debug|x86.ActiveCfg = Debug|Any CPU
		{471B80AB-F421-4F3E-9736-B26735F2409E}.Debug|x86.Build.0 = Debug|Any CPU
		{471B80AB-F421-4F3E-9736-B26735F2409E}.Release|Any CPU.ActiveCfg = Release|Any CPU
		{471B80AB-F421-4F3E-9736-B26735F2409E}.Release|Any CPU.Build.0 = Release|Any CPU
		{471B80AB-F421-4F3E-9736-B26735F2409E}.Release|x64.ActiveCfg = Release|Any CPU
		{471B80AB-F421-4F3E-9736-B26735F2409E}.Release|x64.Build.0 = Release|Any CPU
		{471B80AB-F421-4F3E-9736-B26735F2409E}.Release|x86.ActiveCfg = Release|Any CPU
		{471B80AB-F421-4F3E-9736-B26735F2409E}.Release|x86.Build.0 = Release|Any CPU
		{2F3BCA8E-24AC-41CF-8EC2-02B66BF20E67}.Debug|Any CPU.ActiveCfg = Debug|Any CPU
		{2F3BCA8E-24AC-41CF-8EC2-02B66BF20E67}.Debug|Any CPU.Build.0 = Debug|Any CPU
		{2F3BCA8E-24AC-41CF-8EC2-02B66BF20E67}.Debug|x64.ActiveCfg = Debug|Any CPU
		{2F3BCA8E-24AC-41CF-8EC2-02B66BF20E67}.Debug|x64.Build.0 = Debug|Any CPU
		{2F3BCA8E-24AC-41CF-8EC2-02B66BF20E67}.Debug|x86.ActiveCfg = Debug|Any CPU
		{2F3BCA8E-24AC-41CF-8EC2-02B66BF20E67}.Debug|x86.Build.0 = Debug|Any CPU
		{2F3BCA8E-24AC-41CF-8EC2-02B66BF20E67}.Release|Any CPU.ActiveCfg = Release|Any CPU
		{2F3BCA8E-24AC-41CF-8EC2-02B66BF20E67}.Release|Any CPU.Build.0 = Release|Any CPU
		{2F3BCA8E-24AC-41CF-8EC2-02B66BF20E67}.Release|x64.ActiveCfg = Release|Any CPU
		{2F3BCA8E-24AC-41CF-8EC2-02B66BF20E67}.Release|x64.Build.0 = Release|Any CPU
		{2F3BCA8E-24AC-41CF-8EC2-02B66BF20E67}.Release|x86.ActiveCfg = Release|Any CPU
		{2F3BCA8E-24AC-41CF-8EC2-02B66BF20E67}.Release|x86.Build.0 = Release|Any CPU
		{B79C1976-E4EC-4AAD-B77D-8CE2F5F7A673}.Debug|Any CPU.ActiveCfg = Debug|Any CPU
		{B79C1976-E4EC-4AAD-B77D-8CE2F5F7A673}.Debug|Any CPU.Build.0 = Debug|Any CPU
		{B79C1976-E4EC-4AAD-B77D-8CE2F5F7A673}.Debug|x64.ActiveCfg = Debug|Any CPU
		{B79C1976-E4EC-4AAD-B77D-8CE2F5F7A673}.Debug|x64.Build.0 = Debug|Any CPU
		{B79C1976-E4EC-4AAD-B77D-8CE2F5F7A673}.Debug|x86.ActiveCfg = Debug|Any CPU
		{B79C1976-E4EC-4AAD-B77D-8CE2F5F7A673}.Debug|x86.Build.0 = Debug|Any CPU
		{B79C1976-E4EC-4AAD-B77D-8CE2F5F7A673}.Release|Any CPU.ActiveCfg = Release|Any CPU
		{B79C1976-E4EC-4AAD-B77D-8CE2F5F7A673}.Release|Any CPU.Build.0 = Release|Any CPU
		{B79C1976-E4EC-4AAD-B77D-8CE2F5F7A673}.Release|x64.ActiveCfg = Release|Any CPU
		{B79C1976-E4EC-4AAD-B77D-8CE2F5F7A673}.Release|x64.Build.0 = Release|Any CPU
		{B79C1976-E4EC-4AAD-B77D-8CE2F5F7A673}.Release|x86.ActiveCfg = Release|Any CPU
		{B79C1976-E4EC-4AAD-B77D-8CE2F5F7A673}.Release|x86.Build.0 = Release|Any CPU
		{4644DDD0-1C4B-42AA-9DF6-AFC072D82D78}.Debug|Any CPU.ActiveCfg = Debug|Any CPU
		{4644DDD0-1C4B-42AA-9DF6-AFC072D82D78}.Debug|Any CPU.Build.0 = Debug|Any CPU
		{4644DDD0-1C4B-42AA-9DF6-AFC072D82D78}.Debug|x64.ActiveCfg = Debug|Any CPU
		{4644DDD0-1C4B-42AA-9DF6-AFC072D82D78}.Debug|x64.Build.0 = Debug|Any CPU
		{4644DDD0-1C4B-42AA-9DF6-AFC072D82D78}.Debug|x86.ActiveCfg = Debug|Any CPU
		{4644DDD0-1C4B-42AA-9DF6-AFC072D82D78}.Debug|x86.Build.0 = Debug|Any CPU
		{4644DDD0-1C4B-42AA-9DF6-AFC072D82D78}.Release|Any CPU.ActiveCfg = Release|Any CPU
		{4644DDD0-1C4B-42AA-9DF6-AFC072D82D78}.Release|Any CPU.Build.0 = Release|Any CPU
		{4644DDD0-1C4B-42AA-9DF6-AFC072D82D78}.Release|x64.ActiveCfg = Release|Any CPU
		{4644DDD0-1C4B-42AA-9DF6-AFC072D82D78}.Release|x64.Build.0 = Release|Any CPU
		{4644DDD0-1C4B-42AA-9DF6-AFC072D82D78}.Release|x86.ActiveCfg = Release|Any CPU
		{4644DDD0-1C4B-42AA-9DF6-AFC072D82D78}.Release|x86.Build.0 = Release|Any CPU
		{B7D9153D-A92F-A2BD-BF03-7E9A16A2C4FB}.Debug|Any CPU.ActiveCfg = Debug|Any CPU
		{B7D9153D-A92F-A2BD-BF03-7E9A16A2C4FB}.Debug|Any CPU.Build.0 = Debug|Any CPU
		{B7D9153D-A92F-A2BD-BF03-7E9A16A2C4FB}.Debug|x64.ActiveCfg = Debug|Any CPU
		{B7D9153D-A92F-A2BD-BF03-7E9A16A2C4FB}.Debug|x64.Build.0 = Debug|Any CPU
		{B7D9153D-A92F-A2BD-BF03-7E9A16A2C4FB}.Debug|x86.ActiveCfg = Debug|Any CPU
		{B7D9153D-A92F-A2BD-BF03-7E9A16A2C4FB}.Debug|x86.Build.0 = Debug|Any CPU
		{B7D9153D-A92F-A2BD-BF03-7E9A16A2C4FB}.Release|Any CPU.ActiveCfg = Release|Any CPU
		{B7D9153D-A92F-A2BD-BF03-7E9A16A2C4FB}.Release|Any CPU.Build.0 = Release|Any CPU
		{B7D9153D-A92F-A2BD-BF03-7E9A16A2C4FB}.Release|x64.ActiveCfg = Release|Any CPU
		{B7D9153D-A92F-A2BD-BF03-7E9A16A2C4FB}.Release|x64.Build.0 = Release|Any CPU
		{B7D9153D-A92F-A2BD-BF03-7E9A16A2C4FB}.Release|x86.ActiveCfg = Release|Any CPU
		{B7D9153D-A92F-A2BD-BF03-7E9A16A2C4FB}.Release|x86.Build.0 = Release|Any CPU
		{46E9507A-3349-42F5-909E-E53E10FD0576}.Debug|Any CPU.ActiveCfg = Debug|Any CPU
		{46E9507A-3349-42F5-909E-E53E10FD0576}.Debug|Any CPU.Build.0 = Debug|Any CPU
		{46E9507A-3349-42F5-909E-E53E10FD0576}.Debug|x64.ActiveCfg = Debug|Any CPU
		{46E9507A-3349-42F5-909E-E53E10FD0576}.Debug|x64.Build.0 = Debug|Any CPU
		{46E9507A-3349-42F5-909E-E53E10FD0576}.Debug|x86.ActiveCfg = Debug|Any CPU
		{46E9507A-3349-42F5-909E-E53E10FD0576}.Debug|x86.Build.0 = Debug|Any CPU
		{46E9507A-3349-42F5-909E-E53E10FD0576}.Release|Any CPU.ActiveCfg = Release|Any CPU
		{46E9507A-3349-42F5-909E-E53E10FD0576}.Release|Any CPU.Build.0 = Release|Any CPU
		{46E9507A-3349-42F5-909E-E53E10FD0576}.Release|x64.ActiveCfg = Release|Any CPU
		{46E9507A-3349-42F5-909E-E53E10FD0576}.Release|x64.Build.0 = Release|Any CPU
		{46E9507A-3349-42F5-909E-E53E10FD0576}.Release|x86.ActiveCfg = Release|Any CPU
		{46E9507A-3349-42F5-909E-E53E10FD0576}.Release|x86.Build.0 = Release|Any CPU
		{18B20575-B72E-43EE-8279-B91763A70E91}.Debug|Any CPU.ActiveCfg = Debug|Any CPU
		{18B20575-B72E-43EE-8279-B91763A70E91}.Debug|Any CPU.Build.0 = Debug|Any CPU
		{18B20575-B72E-43EE-8279-B91763A70E91}.Debug|x64.ActiveCfg = Debug|Any CPU
		{18B20575-B72E-43EE-8279-B91763A70E91}.Debug|x64.Build.0 = Debug|Any CPU
		{18B20575-B72E-43EE-8279-B91763A70E91}.Debug|x86.ActiveCfg = Debug|Any CPU
		{18B20575-B72E-43EE-8279-B91763A70E91}.Debug|x86.Build.0 = Debug|Any CPU
		{18B20575-B72E-43EE-8279-B91763A70E91}.Release|Any CPU.ActiveCfg = Release|Any CPU
		{18B20575-B72E-43EE-8279-B91763A70E91}.Release|Any CPU.Build.0 = Release|Any CPU
		{18B20575-B72E-43EE-8279-B91763A70E91}.Release|x64.ActiveCfg = Release|Any CPU
		{18B20575-B72E-43EE-8279-B91763A70E91}.Release|x64.Build.0 = Release|Any CPU
		{18B20575-B72E-43EE-8279-B91763A70E91}.Release|x86.ActiveCfg = Release|Any CPU
		{18B20575-B72E-43EE-8279-B91763A70E91}.Release|x86.Build.0 = Release|Any CPU
		{91AB0E1A-4CD4-4241-89B6-AE08AC1CBD9B}.Debug|Any CPU.ActiveCfg = Debug|Any CPU
		{91AB0E1A-4CD4-4241-89B6-AE08AC1CBD9B}.Debug|Any CPU.Build.0 = Debug|Any CPU
		{91AB0E1A-4CD4-4241-89B6-AE08AC1CBD9B}.Debug|x64.ActiveCfg = Debug|Any CPU
		{91AB0E1A-4CD4-4241-89B6-AE08AC1CBD9B}.Debug|x64.Build.0 = Debug|Any CPU
		{91AB0E1A-4CD4-4241-89B6-AE08AC1CBD9B}.Debug|x86.ActiveCfg = Debug|Any CPU
		{91AB0E1A-4CD4-4241-89B6-AE08AC1CBD9B}.Debug|x86.Build.0 = Debug|Any CPU
		{91AB0E1A-4CD4-4241-89B6-AE08AC1CBD9B}.Release|Any CPU.ActiveCfg = Release|Any CPU
		{91AB0E1A-4CD4-4241-89B6-AE08AC1CBD9B}.Release|Any CPU.Build.0 = Release|Any CPU
		{91AB0E1A-4CD4-4241-89B6-AE08AC1CBD9B}.Release|x64.ActiveCfg = Release|Any CPU
		{91AB0E1A-4CD4-4241-89B6-AE08AC1CBD9B}.Release|x64.Build.0 = Release|Any CPU
		{91AB0E1A-4CD4-4241-89B6-AE08AC1CBD9B}.Release|x86.ActiveCfg = Release|Any CPU
		{91AB0E1A-4CD4-4241-89B6-AE08AC1CBD9B}.Release|x86.Build.0 = Release|Any CPU
		{6F442F5F-93C3-4F8C-BE2B-790D74A40AB1}.Debug|Any CPU.ActiveCfg = Debug|Any CPU
		{6F442F5F-93C3-4F8C-BE2B-790D74A40AB1}.Debug|Any CPU.Build.0 = Debug|Any CPU
		{6F442F5F-93C3-4F8C-BE2B-790D74A40AB1}.Debug|x64.ActiveCfg = Debug|Any CPU
		{6F442F5F-93C3-4F8C-BE2B-790D74A40AB1}.Debug|x64.Build.0 = Debug|Any CPU
		{6F442F5F-93C3-4F8C-BE2B-790D74A40AB1}.Debug|x86.ActiveCfg = Debug|Any CPU
		{6F442F5F-93C3-4F8C-BE2B-790D74A40AB1}.Debug|x86.Build.0 = Debug|Any CPU
		{6F442F5F-93C3-4F8C-BE2B-790D74A40AB1}.Release|Any CPU.ActiveCfg = Release|Any CPU
		{6F442F5F-93C3-4F8C-BE2B-790D74A40AB1}.Release|Any CPU.Build.0 = Release|Any CPU
		{6F442F5F-93C3-4F8C-BE2B-790D74A40AB1}.Release|x64.ActiveCfg = Release|Any CPU
		{6F442F5F-93C3-4F8C-BE2B-790D74A40AB1}.Release|x64.Build.0 = Release|Any CPU
		{6F442F5F-93C3-4F8C-BE2B-790D74A40AB1}.Release|x86.ActiveCfg = Release|Any CPU
		{6F442F5F-93C3-4F8C-BE2B-790D74A40AB1}.Release|x86.Build.0 = Release|Any CPU
		{D63373CE-3B8F-4173-90D0-A30B57E71CBD}.Debug|Any CPU.ActiveCfg = Debug|Any CPU
		{D63373CE-3B8F-4173-90D0-A30B57E71CBD}.Debug|Any CPU.Build.0 = Debug|Any CPU
		{D63373CE-3B8F-4173-90D0-A30B57E71CBD}.Debug|x64.ActiveCfg = Debug|Any CPU
		{D63373CE-3B8F-4173-90D0-A30B57E71CBD}.Debug|x64.Build.0 = Debug|Any CPU
		{D63373CE-3B8F-4173-90D0-A30B57E71CBD}.Debug|x86.ActiveCfg = Debug|Any CPU
		{D63373CE-3B8F-4173-90D0-A30B57E71CBD}.Debug|x86.Build.0 = Debug|Any CPU
		{D63373CE-3B8F-4173-90D0-A30B57E71CBD}.Release|Any CPU.ActiveCfg = Release|Any CPU
		{D63373CE-3B8F-4173-90D0-A30B57E71CBD}.Release|Any CPU.Build.0 = Release|Any CPU
		{D63373CE-3B8F-4173-90D0-A30B57E71CBD}.Release|x64.ActiveCfg = Release|Any CPU
		{D63373CE-3B8F-4173-90D0-A30B57E71CBD}.Release|x64.Build.0 = Release|Any CPU
		{D63373CE-3B8F-4173-90D0-A30B57E71CBD}.Release|x86.ActiveCfg = Release|Any CPU
		{D63373CE-3B8F-4173-90D0-A30B57E71CBD}.Release|x86.Build.0 = Release|Any CPU
		{7941D544-4004-4116-9E07-707CAFC8C724}.Debug|Any CPU.ActiveCfg = Debug|Any CPU
		{7941D544-4004-4116-9E07-707CAFC8C724}.Debug|Any CPU.Build.0 = Debug|Any CPU
		{7941D544-4004-4116-9E07-707CAFC8C724}.Debug|x64.ActiveCfg = Debug|Any CPU
		{7941D544-4004-4116-9E07-707CAFC8C724}.Debug|x64.Build.0 = Debug|Any CPU
		{7941D544-4004-4116-9E07-707CAFC8C724}.Debug|x86.ActiveCfg = Debug|Any CPU
		{7941D544-4004-4116-9E07-707CAFC8C724}.Debug|x86.Build.0 = Debug|Any CPU
		{7941D544-4004-4116-9E07-707CAFC8C724}.Release|Any CPU.ActiveCfg = Release|Any CPU
		{7941D544-4004-4116-9E07-707CAFC8C724}.Release|Any CPU.Build.0 = Release|Any CPU
		{7941D544-4004-4116-9E07-707CAFC8C724}.Release|x64.ActiveCfg = Release|Any CPU
		{7941D544-4004-4116-9E07-707CAFC8C724}.Release|x64.Build.0 = Release|Any CPU
		{7941D544-4004-4116-9E07-707CAFC8C724}.Release|x86.ActiveCfg = Release|Any CPU
		{7941D544-4004-4116-9E07-707CAFC8C724}.Release|x86.Build.0 = Release|Any CPU
		{DC1699CA-C817-4FFD-BEE6-83D54FEBF43D}.Debug|Any CPU.ActiveCfg = Debug|Any CPU
		{DC1699CA-C817-4FFD-BEE6-83D54FEBF43D}.Debug|Any CPU.Build.0 = Debug|Any CPU
		{DC1699CA-C817-4FFD-BEE6-83D54FEBF43D}.Debug|x64.ActiveCfg = Debug|Any CPU
		{DC1699CA-C817-4FFD-BEE6-83D54FEBF43D}.Debug|x64.Build.0 = Debug|Any CPU
		{DC1699CA-C817-4FFD-BEE6-83D54FEBF43D}.Debug|x86.ActiveCfg = Debug|Any CPU
		{DC1699CA-C817-4FFD-BEE6-83D54FEBF43D}.Debug|x86.Build.0 = Debug|Any CPU
		{DC1699CA-C817-4FFD-BEE6-83D54FEBF43D}.Release|Any CPU.ActiveCfg = Release|Any CPU
		{DC1699CA-C817-4FFD-BEE6-83D54FEBF43D}.Release|Any CPU.Build.0 = Release|Any CPU
		{DC1699CA-C817-4FFD-BEE6-83D54FEBF43D}.Release|x64.ActiveCfg = Release|Any CPU
		{DC1699CA-C817-4FFD-BEE6-83D54FEBF43D}.Release|x64.Build.0 = Release|Any CPU
		{DC1699CA-C817-4FFD-BEE6-83D54FEBF43D}.Release|x86.ActiveCfg = Release|Any CPU
		{DC1699CA-C817-4FFD-BEE6-83D54FEBF43D}.Release|x86.Build.0 = Release|Any CPU
	EndGlobalSection
	GlobalSection(SolutionProperties) = preSolution
		HideSolutionNode = FALSE
	EndGlobalSection
	GlobalSection(NestedProjects) = preSolution
		{B79C1976-E4EC-4AAD-B77D-8CE2F5F7A673} = {07C2787E-EAC7-C090-1BA3-A61EC2A24D84}
		{91AB0E1A-4CD4-4241-89B6-AE08AC1CBD9B} = {827E0CD3-B72D-47B6-A68D-7590B98EB39B}
		{6F442F5F-93C3-4F8C-BE2B-790D74A40AB1} = {0AB3BF05-4346-4AA6-1389-037BE0695223}
		{D63373CE-3B8F-4173-90D0-A30B57E71CBD} = {0AB3BF05-4346-4AA6-1389-037BE0695223}
		{7941D544-4004-4116-9E07-707CAFC8C724} = {827E0CD3-B72D-47B6-A68D-7590B98EB39B}
		{DC1699CA-C817-4FFD-BEE6-83D54FEBF43D} = {0AB3BF05-4346-4AA6-1389-037BE0695223}
	EndGlobalSection
	GlobalSection(ExtensibilityGlobals) = postSolution
		SolutionGuid = {C753CED5-7508-4B2A-A107-C1E530FD786B}
	EndGlobalSection
EndGlobal
