{
  "version": 1,
  "dependencies": {
    ".NETFramework,Version=v4.8": {
      "Newtonsoft.Json": {
        "type": "Direct",
        "requested": "[13.0.3, )",
        "resolved": "13.0.3",
        "contentHash": "HrC5BXdl00IP9zeV+0Z848QWPAoCr9P3bDEZguI+gkLcBKAOxix/tLEAAHC+UvDNPv4a2d18lOReHMOagPa+zQ=="
      },
      "RhinoCommon": {
        "type": "Direct",
        "requested": "[8.21.25188.17001, )",
        "resolved": "8.21.25188.17001",
        "contentHash": "Wo6JXheyDBvilyIwDY6xZCQJC4170jzAlTSlMgh8yokUY+vYyCl4KJVXZofIOynNt/xx5wLqb2On5gZZekXR6w=="
      },
      "Ardalis.GuardClauses": {
        "type": "Transitive",
        "resolved": "5.0.0",
        "contentHash": "jVPRvLw0xIUFto2cMrKgRYADWIHbEEfzZHGiU/swwNgl1zo28Q1zfSa3VUC3C0s9DyhFDPSaF4dEDQRyTZUcyQ=="
      },
      "progesicore": {
        "type": "Project",
        "dependencies": {
          "Ardalis.GuardClauses": "[5.0.0, )",
          "Newtonsoft.Json": "[13.0.3, )"
        }
      }
    }
  }
}