{
  "version": 1,
  "dependencies": {
    ".NETFramework,Version=v4.8": {
      "Microsoft.Data.Sqlite": {
        "type": "Direct",
        "requested": "[6.0.20, )",
        "resolved": "6.0.20",
        "contentHash": "ZJqfZmZHYI7A3CY5GOQEdI4Jvz9VkaFOS0su7fmySj/kVgBP0QdRXp/8qtgI+uSYWFkZPBBYKs0X9HVrDXofmg==",
        "dependencies": {
          "Microsoft.Data.Sqlite.Core": "6.0.20",
          "SQLitePCLRaw.bundle_e_sqlite3": "2.1.2"
        }
      },
      "SQLitePCLRaw.bundle_e_sqlite3": {
        "type": "Direct",
        "requested": "[2.1.7, )",
        "resolved": "2.1.7",
        "contentHash": "Ax90czXWyJ+LT5WGaOBJQbMWPC9UOOnoZPcVbkwDl0S2yIbk1LP+EjLo5fW7xl30VjvH5qEpb5YZ3t9lW0xeqA==",
        "dependencies": {
          "SQLitePCLRaw.lib.e_sqlite3": "2.1.7",
          "SQLitePCLRaw.provider.dynamic_cdecl": "2.1.7"
        }
      },
      "Microsoft.Data.Sqlite.Core": {
        "type": "Transitive",
        "resolved": "6.0.20",
        "contentHash": "k+namWYTxTS9t/JYDyZoTzQK95iLDrQTBTuEZu/zfbl2sm8DQ8taNJ2HkBw8tXvW2pM8yyAQbJjcPYzx/BUBuw==",
        "dependencies": {
          "SQLitePCLRaw.core": "2.1.2"
        }
      },
      "SQLitePCLRaw.core": {
        "type": "Transitive",
        "resolved": "2.1.7",
        "contentHash": "C1j0zRA2bCueUrGG2TbqDVm0Bdeq/gPf+qs6SweTpoTIOqH1me0/1rhfCHBJkMSQwI9OC1XW6t4Ml8Iux76YSA==",
        "dependencies": {
          "System.Memory": "4.5.3"
        }
      },
      "SQLitePCLRaw.lib.e_sqlite3": {
        "type": "Transitive",
        "resolved": "2.1.7",
        "contentHash": "b3VByUTfSNGtq580yXDH5JAEwOCJru1ZJDS/EHCT+RnqId6pliewb0/xbzxjjiKLF3uDEwslR/9ftz5psv/N/g=="
      },
      "SQLitePCLRaw.provider.dynamic_cdecl": {
        "type": "Transitive",
        "resolved": "2.1.7",
        "contentHash": "ANmfkFhM0hzQxR9tRtlWNwbrYD1CY+uqyOhRQMaEuUKuQdElk2hPdxQDlSB1XOK+JsZU5kMa4//ST+DRT10R5w==",
        "dependencies": {
          "SQLitePCLRaw.core": "2.1.7"
        }
      },
      "System.Buffers": {
        "type": "Transitive",
        "resolved": "4.4.0",
        "contentHash": "AwarXzzoDwX6BgrhjoJsk6tUezZEozOT5Y9QKF94Gl4JK91I4PIIBkBco9068Y9/Dra8Dkbie99kXB8+1BaYKw=="
      },
      "System.Memory": {
        "type": "Transitive",
        "resolved": "4.5.3",
        "contentHash": "3oDzvc/zzetpTKWMShs1AADwZjQ/36HnsufHRPcOjyRAAMLDlu2iD33MBI2opxnezcVUtXyqDXXjoFMOU9c7SA==",
        "dependencies": {
          "System.Buffers": "4.4.0",
          "System.Numerics.Vectors": "4.4.0",
          "System.Runtime.CompilerServices.Unsafe": "4.5.2"
        }
      },
      "System.Numerics.Vectors": {
        "type": "Transitive",
        "resolved": "4.4.0",
        "contentHash": "UiLzLW+Lw6HLed1Hcg+8jSRttrbuXv7DANVj0DkL9g6EnnzbL75EB7EWsw5uRbhxd/4YdG8li5XizGWepmG3PQ=="
      },
      "System.Runtime.CompilerServices.Unsafe": {
        "type": "Transitive",
        "resolved": "4.5.2",
        "contentHash": "wprSFgext8cwqymChhrBLu62LMg/1u92bU+VOwyfBimSPVFXtsNqEWC92Pf9ofzJFlk4IHmJA75EDJn1b2goAQ=="
      }
    },
    ".NETFramework,Version=v4.8/win-x64": {
      "SQLitePCLRaw.lib.e_sqlite3": {
        "type": "Transitive",
        "resolved": "2.1.7",
        "contentHash": "b3VByUTfSNGtq580yXDH5JAEwOCJru1ZJDS/EHCT+RnqId6pliewb0/xbzxjjiKLF3uDEwslR/9ftz5psv/N/g=="
      }
    }
  }
}