{
  "version": 1,
  "dependencies": {
    ".NETFramework,Version=v4.8": {
      "Grasshopper": {
        "type": "Direct",
        "requested": "[8.21.25188.17001, )",
        "resolved": "8.21.25188.17001",
        "contentHash": "qpt9XQWuKLFfzn2cnYf5akfHRwYuffthK5AXsSY1UhjD0eG6bYSTtmAkNVH+Wdg130MZkGqJmPd012Om1kJPBA==",
        "dependencies": {
          "RhinoCommon": "[8.21.25188.17001]"
        }
      },
      "Microsoft.NETFramework.ReferenceAssemblies.net48": {
        "type": "Direct",
        "requested": "[1.0.3, )",
        "resolved": "1.0.3",
        "contentHash": "zMk4D+9zyiEWByyQ7oPImPN/Jhpj166Ky0Nlla4eXlNL8hI/BtSJsgR8Inldd4NNpIAH3oh8yym0W2DrhXdSLQ=="
      },
      "RhinoCommon": {
        "type": "Direct",
        "requested": "[8.21.25188.17001, )",
        "resolved": "8.21.25188.17001",
        "contentHash": "Wo6JXheyDBvilyIwDY6xZCQJC4170jzAlTSlMgh8yokUY+vYyCl4KJVXZofIOynNt/xx5wLqb2On5gZZekXR6w=="
      },
      "System.Drawing.Common": {
        "type": "Direct",
        "requested": "[7.0.0, )",
        "resolved": "7.0.0",
        "contentHash": "KIX+oBU38pxkKPxvLcLfIkOV5Ien8ReN78wro7OF5/erwcmortzeFx+iBswlh2Vz6gVne0khocQudGwaO1Ey6A=="
      },
      "Ardalis.GuardClauses": {
        "type": "Transitive",
        "resolved": "5.0.0",
        "contentHash": "jVPRvLw0xIUFto2cMrKgRYADWIHbEEfzZHGiU/swwNgl1zo28Q1zfSa3VUC3C0s9DyhFDPSaF4dEDQRyTZUcyQ=="
      },
      "Microsoft.Data.Sqlite": {
        "type": "Transitive",
        "resolved": "7.0.20",
        "contentHash": "IIjX4K1EjTg73Ed/ZsjHWyAtcRAGoS42eiHa30HIbTYO62dGgq+yWRpkxZbTSvEjUlUvUmWORxrEmKloRianUw==",
        "dependencies": {
          "Microsoft.Data.Sqlite.Core": "7.0.20",
          "SQLitePCLRaw.bundle_e_sqlite3": "2.1.4"
        }
      },
      "Microsoft.Data.Sqlite.Core": {
        "type": "Transitive",
        "resolved": "7.0.20",
        "contentHash": "B8/42FqMMRq3mf5qnJOF7XhB/UEcHcwdmuI6D025uTRcPM0R1DbMw+6C77Op1f/qKAHsDHmdTID5CZLpYBvmlw==",
        "dependencies": {
          "SQLitePCLRaw.core": "2.1.4"
        }
      },
      "Newtonsoft.Json": {
        "type": "Transitive",
        "resolved": "13.0.3",
        "contentHash": "HrC5BXdl00IP9zeV+0Z848QWPAoCr9P3bDEZguI+gkLcBKAOxix/tLEAAHC+UvDNPv4a2d18lOReHMOagPa+zQ=="
      },
      "SQLitePCLRaw.bundle_e_sqlite3": {
        "type": "Transitive",
        "resolved": "2.1.8",
        "contentHash": "zIk4j5WLCj9E/8FV3Zy31ca/5klVKoeiT3bZoY8bOlNpDt/CE1+EUxmeoZ5IW09T2OXG3AwKICcqCaS6aHEPWw==",
        "dependencies": {
          "SQLitePCLRaw.lib.e_sqlite3": "2.1.8",
          "SQLitePCLRaw.provider.dynamic_cdecl": "2.1.8"
        }
      },
      "SQLitePCLRaw.core": {
        "type": "Transitive",
        "resolved": "2.1.8",
        "contentHash": "jre/gajSA2Bz3kzYD8DxMpJehAtxY5/V2UE/OR0v48zY122hJOXBvGumV+/zEMg1l0lEVFJfJCpkJGQp7GBwRw==",
        "dependencies": {
          "System.Memory": "4.5.3"
        }
      },
      "SQLitePCLRaw.lib.e_sqlite3": {
        "type": "Transitive",
        "resolved": "2.1.8",
        "contentHash": "YQnIGZiMskhTogTiZfNe8Y1SK3Tke0JKnLHyPMQjDCa0I/MNsDoEE2fb4g/MZ1MKAn/A66wNxcLvwAC2dr6XPQ=="
      },
      "SQLitePCLRaw.provider.dynamic_cdecl": {
        "type": "Transitive",
        "resolved": "2.1.8",
        "contentHash": "DscdpnZe8KUHBIFOCbJf5p1+CaCfhLZHKwVtZXrGI+wR5Kbg+jLjBJG+9ZB4S2KGdYAwrKYWC/riDUgEqCPCAA==",
        "dependencies": {
          "SQLitePCLRaw.core": "2.1.8"
        }
      },
      "System.Buffers": {
        "type": "Transitive",
        "resolved": "4.4.0",
        "contentHash": "AwarXzzoDwX6BgrhjoJsk6tUezZEozOT5Y9QKF94Gl4JK91I4PIIBkBco9068Y9/Dra8Dkbie99kXB8+1BaYKw=="
      },
      "System.Memory": {
        "type": "Transitive",
        "resolved": "4.5.3",
        "contentHash": "3oDzvc/zzetpTKWMShs1AADwZjQ/36HnsufHRPcOjyRAAMLDlu2iD33MBI2opxnezcVUtXyqDXXjoFMOU9c7SA==",
        "dependencies": {
          "System.Buffers": "4.4.0",
          "System.Numerics.Vectors": "4.4.0",
          "System.Runtime.CompilerServices.Unsafe": "4.5.2"
        }
      },
      "System.Numerics.Vectors": {
        "type": "Transitive",
        "resolved": "4.4.0",
        "contentHash": "UiLzLW+Lw6HLed1Hcg+8jSRttrbuXv7DANVj0DkL9g6EnnzbL75EB7EWsw5uRbhxd/4YdG8li5XizGWepmG3PQ=="
      },
      "System.Runtime.CompilerServices.Unsafe": {
        "type": "Transitive",
        "resolved": "4.5.2",
        "contentHash": "wprSFgext8cwqymChhrBLu62LMg/1u92bU+VOwyfBimSPVFXtsNqEWC92Pf9ofzJFlk4IHmJA75EDJn1b2goAQ=="
      },
      "progesicore": {
        "type": "Project",
        "dependencies": {
          "Ardalis.GuardClauses": "[5.0.0, )",
          "Newtonsoft.Json": "[13.0.3, )"
        }
      },
      "progesirepositories.inmemory": {
        "type": "Project",
        "dependencies": {
          "ProgesiCore": "[1.0.0, )"
        }
      },
      "progesirepositories.rhino": {
        "type": "Project",
        "dependencies": {
          "Newtonsoft.Json": "[13.0.3, )",
          "ProgesiCore": "[1.0.0, )",
          "rhinocommon": "[8.21.25188.17001, )"
        }
      },
      "progesirepositories.sqlite": {
        "type": "Project",
        "dependencies": {
          "Microsoft.Data.Sqlite": "[7.0.20, )",
          "Newtonsoft.Json": "[13.0.3, )",
          "ProgesiCore": "[1.0.0, )",
          "SQLitePCLRaw.bundle_e_sqlite3": "[2.1.8, )"
        }
      }
    }
  }
}